
Microsoft Visual Studio Solution File, Format Version 12.00
# Visual Studio Version 17
VisualStudioVersion = 17.2.32516.85
MinimumVisualStudioVersion = 10.0.40219.1
Project("{FAE04EC0-301F-11D3-BF4B-00C04F79EFBC}") = "pcso-jem-api", "pcso-jem-api.csproj", "{D54D9943-15EA-4C56-9AB0-9269B7C3322B}"
EndProject
Global
	GlobalSection(SolutionConfigurationPlatforms) = preSolution
		Debug|Any CPU = Debug|Any CPU
		Release|Any CPU = Release|Any CPU
	EndGlobalSection
	GlobalSection(ProjectConfigurationPlatforms) = postSolution
		{D54D9943-15EA-4C56-9AB0-9269B7C3322B}.Debug|Any CPU.ActiveCfg = Debug|Any CPU
		{D54D9943-15EA-4C56-9AB0-9269B7C3322B}.Debug|Any CPU.Build.0 = Debug|Any CPU
		{D54D9943-15EA-4C56-9AB0-9269B7C3322B}.Release|Any CPU.ActiveCfg = Release|Any CPU
		{D54D9943-15EA-4C56-9AB0-9269B7C3322B}.Release|Any CPU.Build.0 = Release|Any CPU
	EndGlobalSection
	GlobalSection(SolutionProperties) = preSolution
		HideSolutionNode = FALSE
	EndGlobalSection
	GlobalSection(ExtensibilityGlobals) = postSolution
		SolutionGuid = {2AFE75A0-2222-4E21-8634-E140E72C1A53}
	EndGlobalSection
EndGlobal
